
Microsoft Visual Studio Solution File, Format Version 12.00
# Visual Studio 14
VisualStudioVersion = 14.0.25420.1
MinimumVisualStudioVersion = 10.0.40219.1
Project("{FAE04EC0-301F-11D3-BF4B-00C04F79EFBC}") = "CodeFetcher", "CodeFetcher\CodeFetcher.csproj", "{8DBE400B-32C3-432D-A18D-7DF1547C382E}"
EndProject
Project("{FAE04EC0-301F-11D3-BF4B-00C04F79EFBC}") = "CodeFetcherTests", "CodeFetcherTests\CodeFetcherTests.csproj", "{C883A820-7E47-44F0-B8C4-1C1AFEF328DE}"
EndProject
Project("{FAE04EC0-301F-11D3-BF4B-00C04F79EFBC}") = "ICSharpCode.AvalonEdit", "AvalonEdit\ICSharpCode.AvalonEdit\ICSharpCode.AvalonEdit.csproj", "{6C55B776-26D4-4DB3-A6AB-87E783B2F3D1}"
EndProject
Project("{FAE04EC0-301F-11D3-BF4B-00C04F79EFBC}") = "ICSharpCode.AvalonEdit.Tests", "AvalonEdit\ICSharpCode.AvalonEdit.Tests\ICSharpCode.AvalonEdit.Tests.csproj", "{6222A3A1-83CE-47A3-A4E4-A018F82D44D8}"
EndProject
Project("{FAE04EC0-301F-11D3-BF4B-00C04F79EFBC}") = "ICSharpCode.AvalonEdit.Sample", "AvalonEdit\ICSharpCode.AvalonEdit.Sample\ICSharpCode.AvalonEdit.Sample.csproj", "{13A5B497-BA12-45AE-9033-22620C3153FB}"
EndProject
Project("{2150E333-8FDC-42A3-9474-1A3956D46DE8}") = "ICSharpCode", "ICSharpCode", "{91785FD4-F5D7-4ADD-A5BD-5BD9240FA305}"
EndProject
Global
	GlobalSection(SolutionConfigurationPlatforms) = preSolution
		Debug|Net35 = Debug|Net35
		Debug|Net40 = Debug|Net40
		Debug|WithNRefactory = Debug|WithNRefactory
		Release|Net35 = Release|Net35
		Release|Net40 = Release|Net40
		Release|WithNRefactory = Release|WithNRefactory
	EndGlobalSection
	GlobalSection(ProjectConfigurationPlatforms) = postSolution
		{8DBE400B-32C3-432D-A18D-7DF1547C382E}.Debug|Net35.ActiveCfg = Debug|Any CPU
		{8DBE400B-32C3-432D-A18D-7DF1547C382E}.Debug|Net35.Build.0 = Debug|Any CPU
		{8DBE400B-32C3-432D-A18D-7DF1547C382E}.Debug|Net40.ActiveCfg = Debug|Any CPU
		{8DBE400B-32C3-432D-A18D-7DF1547C382E}.Debug|Net40.Build.0 = Debug|Any CPU
		{8DBE400B-32C3-432D-A18D-7DF1547C382E}.Debug|WithNRefactory.ActiveCfg = Debug|Any CPU
		{8DBE400B-32C3-432D-A18D-7DF1547C382E}.Debug|WithNRefactory.Build.0 = Debug|Any CPU
		{8DBE400B-32C3-432D-A18D-7DF1547C382E}.Release|Net35.ActiveCfg = Release|Any CPU
		{8DBE400B-32C3-432D-A18D-7DF1547C382E}.Release|Net35.Build.0 = Release|Any CPU
		{8DBE400B-32C3-432D-A18D-7DF1547C382E}.Release|Net40.ActiveCfg = Release|Any CPU
		{8DBE400B-32C3-432D-A18D-7DF1547C382E}.Release|Net40.Build.0 = Release|Any CPU
		{8DBE400B-32C3-432D-A18D-7DF1547C382E}.Release|WithNRefactory.ActiveCfg = Release|Any CPU
		{8DBE400B-32C3-432D-A18D-7DF1547C382E}.Release|WithNRefactory.Build.0 = Release|Any CPU
		{C883A820-7E47-44F0-B8C4-1C1AFEF328DE}.Debug|Net35.ActiveCfg = Debug|Any CPU
		{C883A820-7E47-44F0-B8C4-1C1AFEF328DE}.Debug|Net35.Build.0 = Debug|Any CPU
		{C883A820-7E47-44F0-B8C4-1C1AFEF328DE}.Debug|Net40.ActiveCfg = Debug|Any CPU
		{C883A820-7E47-44F0-B8C4-1C1AFEF328DE}.Debug|Net40.Build.0 = Debug|Any CPU
		{C883A820-7E47-44F0-B8C4-1C1AFEF328DE}.Debug|WithNRefactory.ActiveCfg = Debug|Any CPU
		{C883A820-7E47-44F0-B8C4-1C1AFEF328DE}.Debug|WithNRefactory.Build.0 = Debug|Any CPU
		{C883A820-7E47-44F0-B8C4-1C1AFEF328DE}.Release|Net35.ActiveCfg = Release|Any CPU
		{C883A820-7E47-44F0-B8C4-1C1AFEF328DE}.Release|Net35.Build.0 = Release|Any CPU
		{C883A820-7E47-44F0-B8C4-1C1AFEF328DE}.Release|Net40.ActiveCfg = Release|Any CPU
		{C883A820-7E47-44F0-B8C4-1C1AFEF328DE}.Release|Net40.Build.0 = Release|Any CPU
		{C883A820-7E47-44F0-B8C4-1C1AFEF328DE}.Release|WithNRefactory.ActiveCfg = Release|Any CPU
		{C883A820-7E47-44F0-B8C4-1C1AFEF328DE}.Release|WithNRefactory.Build.0 = Release|Any CPU
		{6C55B776-26D4-4DB3-A6AB-87E783B2F3D1}.Debug|Net35.ActiveCfg = Debug|Net35
		{6C55B776-26D4-4DB3-A6AB-87E783B2F3D1}.Debug|Net35.Build.0 = Debug|Net35
		{6C55B776-26D4-4DB3-A6AB-87E783B2F3D1}.Debug|Net40.ActiveCfg = Debug|Net40
		{6C55B776-26D4-4DB3-A6AB-87E783B2F3D1}.Debug|Net40.Build.0 = Debug|Net40
		{6C55B776-26D4-4DB3-A6AB-87E783B2F3D1}.Debug|WithNRefactory.ActiveCfg = Debug|WithNRefactory
		{6C55B776-26D4-4DB3-A6AB-87E783B2F3D1}.Debug|WithNRefactory.Build.0 = Debug|WithNRefactory
		{6C55B776-26D4-4DB3-A6AB-87E783B2F3D1}.Release|Net35.ActiveCfg = Release|Net35
		{6C55B776-26D4-4DB3-A6AB-87E783B2F3D1}.Release|Net35.Build.0 = Release|Net35
		{6C55B776-26D4-4DB3-A6AB-87E783B2F3D1}.Release|Net40.ActiveCfg = Release|Net40
		{6C55B776-26D4-4DB3-A6AB-87E783B2F3D1}.Release|Net40.Build.0 = Release|Net40
		{6C55B776-26D4-4DB3-A6AB-87E783B2F3D1}.Release|WithNRefactory.ActiveCfg = Release|WithNRefactory
		{6C55B776-26D4-4DB3-A6AB-87E783B2F3D1}.Release|WithNRefactory.Build.0 = Release|WithNRefactory
		{6222A3A1-83CE-47A3-A4E4-A018F82D44D8}.Debug|Net35.ActiveCfg = Debug|Net35
		{6222A3A1-83CE-47A3-A4E4-A018F82D44D8}.Debug|Net35.Build.0 = Debug|Net35
		{6222A3A1-83CE-47A3-A4E4-A018F82D44D8}.Debug|Net40.ActiveCfg = Debug|Net40
		{6222A3A1-83CE-47A3-A4E4-A018F82D44D8}.Debug|Net40.Build.0 = Debug|Net40
		{6222A3A1-83CE-47A3-A4E4-A018F82D44D8}.Debug|WithNRefactory.ActiveCfg = Debug|WithNRefactory
		{6222A3A1-83CE-47A3-A4E4-A018F82D44D8}.Debug|WithNRefactory.Build.0 = Debug|WithNRefactory
		{6222A3A1-83CE-47A3-A4E4-A018F82D44D8}.Release|Net35.ActiveCfg = Release|Net35
		{6222A3A1-83CE-47A3-A4E4-A018F82D44D8}.Release|Net35.Build.0 = Release|Net35
		{6222A3A1-83CE-47A3-A4E4-A018F82D44D8}.Release|Net40.ActiveCfg = Release|Net40
		{6222A3A1-83CE-47A3-A4E4-A018F82D44D8}.Release|Net40.Build.0 = Release|Net40
		{6222A3A1-83CE-47A3-A4E4-A018F82D44D8}.Release|WithNRefactory.ActiveCfg = Release|WithNRefactory
		{6222A3A1-83CE-47A3-A4E4-A018F82D44D8}.Release|WithNRefactory.Build.0 = Release|WithNRefactory
		{13A5B497-BA12-45AE-9033-22620C3153FB}.Debug|Net35.ActiveCfg = Debug|Net35
		{13A5B497-BA12-45AE-9033-22620C3153FB}.Debug|Net35.Build.0 = Debug|Net35
		{13A5B497-BA12-45AE-9033-22620C3153FB}.Debug|Net40.ActiveCfg = Debug|Net40
		{13A5B497-BA12-45AE-9033-22620C3153FB}.Debug|Net40.Build.0 = Debug|Net40
		{13A5B497-BA12-45AE-9033-22620C3153FB}.Debug|WithNRefactory.ActiveCfg = Debug|WithNRefactory
		{13A5B497-BA12-45AE-9033-22620C3153FB}.Debug|WithNRefactory.Build.0 = Debug|WithNRefactory
		{13A5B497-BA12-45AE-9033-22620C3153FB}.Release|Net35.ActiveCfg = Release|Net35
		{13A5B497-BA12-45AE-9033-22620C3153FB}.Release|Net35.Build.0 = Release|Net35
		{13A5B497-BA12-45AE-9033-22620C3153FB}.Release|Net40.ActiveCfg = Release|Net40
		{13A5B497-BA12-45AE-9033-22620C3153FB}.Release|Net40.Build.0 = Release|Net40
		{13A5B497-BA12-45AE-9033-22620C3153FB}.Release|WithNRefactory.ActiveCfg = Release|WithNRefactory
		{13A5B497-BA12-45AE-9033-22620C3153FB}.Release|WithNRefactory.Build.0 = Release|WithNRefactory
	EndGlobalSection
	GlobalSection(SolutionProperties) = preSolution
		HideSolutionNode = FALSE
	EndGlobalSection
	GlobalSection(NestedProjects) = preSolution
		{6C55B776-26D4-4DB3-A6AB-87E783B2F3D1} = {91785FD4-F5D7-4ADD-A5BD-5BD9240FA305}
		{6222A3A1-83CE-47A3-A4E4-A018F82D44D8} = {91785FD4-F5D7-4ADD-A5BD-5BD9240FA305}
		{13A5B497-BA12-45AE-9033-22620C3153FB} = {91785FD4-F5D7-4ADD-A5BD-5BD9240FA305}
	EndGlobalSection
EndGlobal
